// !$*UTF8*$!
{
	archiveVersion = 1;
	classes = {
	};
	objectVersion = 56;
	objects = {

/* Begin PBXBuildFile section */
		27340350298D5B3B0043967A /* MockMarketApp.swift in Sources */ = {isa = PBXBuildFile; fileRef = 2734034F298D5B3B0043967A /* MockMarketApp.swift */; };
		27340352298D5B3B0043967A /* ContentView.swift in Sources */ = {isa = PBXBuildFile; fileRef = 27340351298D5B3B0043967A /* ContentView.swift */; };
		27340354298D5B3C0043967A /* Assets.xcassets in Resources */ = {isa = PBXBuildFile; fileRef = 27340353298D5B3C0043967A /* Assets.xcassets */; };
		27340357298D5B3C0043967A /* Preview Assets.xcassets in Resources */ = {isa = PBXBuildFile; fileRef = 27340356298D5B3C0043967A /* Preview Assets.xcassets */; };
		2757954829913EEC001A7D52 /* ChartLabel.swift in Sources */ = {isa = PBXBuildFile; fileRef = 2757953F29913EEC001A7D52 /* ChartLabel.swift */; };
		2757954929913EEC001A7D52 /* IndicatorPoint.swift in Sources */ = {isa = PBXBuildFile; fileRef = 2757954029913EEC001A7D52 /* IndicatorPoint.swift */; };
		2757954A29913EEC001A7D52 /* LineChartController.swift in Sources */ = {isa = PBXBuildFile; fileRef = 2757954129913EEC001A7D52 /* LineChartController.swift */; };
		2757954B29913EEC001A7D52 /* MainPage.swift in Sources */ = {isa = PBXBuildFile; fileRef = 2757954229913EEC001A7D52 /* MainPage.swift */; };
		2757954C29913EEC001A7D52 /* StockData.swift in Sources */ = {isa = PBXBuildFile; fileRef = 2757954329913EEC001A7D52 /* StockData.swift */; };
		2757954D29913EEC001A7D52 /* ChartView.swift in Sources */ = {isa = PBXBuildFile; fileRef = 2757954429913EEC001A7D52 /* ChartView.swift */; };
		2757954E29913EEC001A7D52 /* LineView.swift in Sources */ = {isa = PBXBuildFile; fileRef = 2757954529913EEC001A7D52 /* LineView.swift */; };
		2757954F29913EEC001A7D52 /* LinePath.swift in Sources */ = {isa = PBXBuildFile; fileRef = 2757954629913EEC001A7D52 /* LinePath.swift */; };
		2757955029913EEC001A7D52 /* LineChartView.swift in Sources */ = {isa = PBXBuildFile; fileRef = 2757954729913EEC001A7D52 /* LineChartView.swift */; };
		70939538299143550064214B /* XCAStocksAPI in Frameworks */ = {isa = PBXBuildFile; productRef = 70939537299143550064214B /* XCAStocksAPI */; };
/* End PBXBuildFile section */

/* Begin PBXFileReference section */
		2734034C298D5B3B0043967A /* MockMarket.app */ = {isa = PBXFileReference; explicitFileType = wrapper.application; includeInIndex = 0; path = MockMarket.app; sourceTree = BUILT_PRODUCTS_DIR; };
		2734034F298D5B3B0043967A /* MockMarketApp.swift */ = {isa = PBXFileReference; lastKnownFileType = sourcecode.swift; path = MockMarketApp.swift; sourceTree = "<group>"; };
		27340351298D5B3B0043967A /* ContentView.swift */ = {isa = PBXFileReference; lastKnownFileType = sourcecode.swift; path = ContentView.swift; sourceTree = "<group>"; };
		27340353298D5B3C0043967A /* Assets.xcassets */ = {isa = PBXFileReference; lastKnownFileType = folder.assetcatalog; path = Assets.xcassets; sourceTree = "<group>"; };
		27340356298D5B3C0043967A /* Preview Assets.xcassets */ = {isa = PBXFileReference; lastKnownFileType = folder.assetcatalog; path = "Preview Assets.xcassets"; sourceTree = "<group>"; };
		2757953E29913EEC001A7D52 /* MockMarket-Bridging-Header.h */ = {isa = PBXFileReference; fileEncoding = 4; lastKnownFileType = sourcecode.c.h; path = "MockMarket-Bridging-Header.h"; sourceTree = "<group>"; };
		2757953F29913EEC001A7D52 /* ChartLabel.swift */ = {isa = PBXFileReference; fileEncoding = 4; lastKnownFileType = sourcecode.swift; path = ChartLabel.swift; sourceTree = "<group>"; };
		2757954029913EEC001A7D52 /* IndicatorPoint.swift */ = {isa = PBXFileReference; fileEncoding = 4; lastKnownFileType = sourcecode.swift; path = IndicatorPoint.swift; sourceTree = "<group>"; };
		2757954129913EEC001A7D52 /* LineChartController.swift */ = {isa = PBXFileReference; fileEncoding = 4; lastKnownFileType = sourcecode.swift; path = LineChartController.swift; sourceTree = "<group>"; };
		2757954229913EEC001A7D52 /* MainPage.swift */ = {isa = PBXFileReference; fileEncoding = 4; lastKnownFileType = sourcecode.swift; path = MainPage.swift; sourceTree = "<group>"; };
		2757954329913EEC001A7D52 /* StockData.swift */ = {isa = PBXFileReference; fileEncoding = 4; lastKnownFileType = sourcecode.swift; path = StockData.swift; sourceTree = "<group>"; };
		2757954429913EEC001A7D52 /* ChartView.swift */ = {isa = PBXFileReference; fileEncoding = 4; lastKnownFileType = sourcecode.swift; path = ChartView.swift; sourceTree = "<group>"; };
		2757954529913EEC001A7D52 /* LineView.swift */ = {isa = PBXFileReference; fileEncoding = 4; lastKnownFileType = sourcecode.swift; path = LineView.swift; sourceTree = "<group>"; };
		2757954629913EEC001A7D52 /* LinePath.swift */ = {isa = PBXFileReference; fileEncoding = 4; lastKnownFileType = sourcecode.swift; path = LinePath.swift; sourceTree = "<group>"; };
		2757954729913EEC001A7D52 /* LineChartView.swift */ = {isa = PBXFileReference; fileEncoding = 4; lastKnownFileType = sourcecode.swift; path = LineChartView.swift; sourceTree = "<group>"; };
/* End PBXFileReference section */

/* Begin PBXFrameworksBuildPhase section */
		27340349298D5B3B0043967A /* Frameworks */ = {
			isa = PBXFrameworksBuildPhase;
			buildActionMask = 2147483647;
			files = (
				70939538299143550064214B /* XCAStocksAPI in Frameworks */,
			);
			runOnlyForDeploymentPostprocessing = 0;
		};
/* End PBXFrameworksBuildPhase section */

/* Begin PBXGroup section */
		27340343298D5B3B0043967A = {
			isa = PBXGroup;
			children = (
				2734034E298D5B3B0043967A /* MockMarket */,
				2734034D298D5B3B0043967A /* Products */,
			);
			sourceTree = "<group>";
		};
		2734034D298D5B3B0043967A /* Products */ = {
			isa = PBXGroup;
			children = (
				2734034C298D5B3B0043967A /* MockMarket.app */,
			);
			name = Products;
			sourceTree = "<group>";
		};
		2734034E298D5B3B0043967A /* MockMarket */ = {
			isa = PBXGroup;
			children = (
				27340351298D5B3B0043967A /* ContentView.swift */,
				2757954229913EEC001A7D52 /* MainPage.swift */,
				2757953F29913EEC001A7D52 /* ChartLabel.swift */,
				2757954429913EEC001A7D52 /* ChartView.swift */,
				2757954029913EEC001A7D52 /* IndicatorPoint.swift */,
				2757954129913EEC001A7D52 /* LineChartController.swift */,
				2757954729913EEC001A7D52 /* LineChartView.swift */,
				2757954629913EEC001A7D52 /* LinePath.swift */,
				2757954529913EEC001A7D52 /* LineView.swift */,
				2757953E29913EEC001A7D52 /* MockMarket-Bridging-Header.h */,
				2757954329913EEC001A7D52 /* StockData.swift */,
				2734034F298D5B3B0043967A /* MockMarketApp.swift */,
				27340353298D5B3C0043967A /* Assets.xcassets */,
				27340355298D5B3C0043967A /* Preview Content */,
			);
			path = MockMarket;
			sourceTree = "<group>";
		};
		27340355298D5B3C0043967A /* Preview Content */ = {
			isa = PBXGroup;
			children = (
				27340356298D5B3C0043967A /* Preview Assets.xcassets */,
			);
			path = "Preview Content";
			sourceTree = "<group>";
		};
/* End PBXGroup section */

/* Begin PBXNativeTarget section */
		2734034B298D5B3B0043967A /* MockMarket */ = {
			isa = PBXNativeTarget;
			buildConfigurationList = 2734035A298D5B3C0043967A /* Build configuration list for PBXNativeTarget "MockMarket" */;
			buildPhases = (
				27340348298D5B3B0043967A /* Sources */,
				27340349298D5B3B0043967A /* Frameworks */,
				2734034A298D5B3B0043967A /* Resources */,
			);
			buildRules = (
			);
			dependencies = (
			);
			name = MockMarket;
			packageProductDependencies = (
				70939537299143550064214B /* XCAStocksAPI */,
			);
			productName = MockMarket;
			productReference = 2734034C298D5B3B0043967A /* MockMarket.app */;
			productType = "com.apple.product-type.application";
		};
/* End PBXNativeTarget section */

/* Begin PBXProject section */
		27340344298D5B3B0043967A /* Project object */ = {
			isa = PBXProject;
			attributes = {
				BuildIndependentTargetsInParallel = 1;
				LastSwiftUpdateCheck = 1420;
				LastUpgradeCheck = 1420;
				TargetAttributes = {
					2734034B298D5B3B0043967A = {
						CreatedOnToolsVersion = 14.2;
					};
				};
			};
			buildConfigurationList = 27340347298D5B3B0043967A /* Build configuration list for PBXProject "MockMarket" */;
			compatibilityVersion = "Xcode 14.0";
			developmentRegion = en;
			hasScannedForEncodings = 0;
			knownRegions = (
				en,
				Base,
			);
			mainGroup = 27340343298D5B3B0043967A;
			packageReferences = (
				70939536299143550064214B /* XCRemoteSwiftPackageReference "XCAStocksAPI" */,
			);
			productRefGroup = 2734034D298D5B3B0043967A /* Products */;
			projectDirPath = "";
			projectRoot = "";
			targets = (
				2734034B298D5B3B0043967A /* MockMarket */,
			);
		};
/* End PBXProject section */

/* Begin PBXResourcesBuildPhase section */
		2734034A298D5B3B0043967A /* Resources */ = {
			isa = PBXResourcesBuildPhase;
			buildActionMask = 2147483647;
			files = (
				27340357298D5B3C0043967A /* Preview Assets.xcassets in Resources */,
				27340354298D5B3C0043967A /* Assets.xcassets in Resources */,
			);
			runOnlyForDeploymentPostprocessing = 0;
		};
/* End PBXResourcesBuildPhase section */

/* Begin PBXSourcesBuildPhase section */
		27340348298D5B3B0043967A /* Sources */ = {
			isa = PBXSourcesBuildPhase;
			buildActionMask = 2147483647;
			files = (
				27340352298D5B3B0043967A /* ContentView.swift in Sources */,
				27340350298D5B3B0043967A /* MockMarketApp.swift in Sources */,
				2757955029913EEC001A7D52 /* LineChartView.swift in Sources */,
				2757954929913EEC001A7D52 /* IndicatorPoint.swift in Sources */,
				2757954C29913EEC001A7D52 /* StockData.swift in Sources */,
				2757954829913EEC001A7D52 /* ChartLabel.swift in Sources */,
				2757954E29913EEC001A7D52 /* LineView.swift in Sources */,
				2757954F29913EEC001A7D52 /* LinePath.swift in Sources */,
				2757954A29913EEC001A7D52 /* LineChartController.swift in Sources */,
				2757954B29913EEC001A7D52 /* MainPage.swift in Sources */,
				2757954D29913EEC001A7D52 /* ChartView.swift in Sources */,
			);
			runOnlyForDeploymentPostprocessing = 0;
		};
/* End PBXSourcesBuildPhase section */

/* Begin XCBuildConfiguration section */
		27340358298D5B3C0043967A /* Debug */ = {
			isa = XCBuildConfiguration;
			buildSettings = {
				ALWAYS_SEARCH_USER_PATHS = NO;
				CLANG_ANALYZER_NONNULL = YES;
				CLANG_ANALYZER_NUMBER_OBJECT_CONVERSION = YES_AGGRESSIVE;
				CLANG_CXX_LANGUAGE_STANDARD = "gnu++20";
				CLANG_ENABLE_MODULES = YES;
				CLANG_ENABLE_OBJC_ARC = YES;
				CLANG_ENABLE_OBJC_WEAK = YES;
				CLANG_WARN_BLOCK_CAPTURE_AUTORELEASING = YES;
				CLANG_WARN_BOOL_CONVERSION = YES;
				CLANG_WARN_COMMA = YES;
				CLANG_WARN_CONSTANT_CONVERSION = YES;
				CLANG_WARN_DEPRECATED_OBJC_IMPLEMENTATIONS = YES;
				CLANG_WARN_DIRECT_OBJC_ISA_USAGE = YES_ERROR;
				CLANG_WARN_DOCUMENTATION_COMMENTS = YES;
				CLANG_WARN_EMPTY_BODY = YES;
				CLANG_WARN_ENUM_CONVERSION = YES;
				CLANG_WARN_INFINITE_RECURSION = YES;
				CLANG_WARN_INT_CONVERSION = YES;
				CLANG_WARN_NON_LITERAL_NULL_CONVERSION = YES;
				CLANG_WARN_OBJC_IMPLICIT_RETAIN_SELF = YES;
				CLANG_WARN_OBJC_LITERAL_CONVERSION = YES;
				CLANG_WARN_OBJC_ROOT_CLASS = YES_ERROR;
				CLANG_WARN_QUOTED_INCLUDE_IN_FRAMEWORK_HEADER = YES;
				CLANG_WARN_RANGE_LOOP_ANALYSIS = YES;
				CLANG_WARN_STRICT_PROTOTYPES = YES;
				CLANG_WARN_SUSPICIOUS_MOVE = YES;
				CLANG_WARN_UNGUARDED_AVAILABILITY = YES_AGGRESSIVE;
				CLANG_WARN_UNREACHABLE_CODE = YES;
				CLANG_WARN__DUPLICATE_METHOD_MATCH = YES;
				COPY_PHASE_STRIP = NO;
				DEBUG_INFORMATION_FORMAT = dwarf;
				ENABLE_STRICT_OBJC_MSGSEND = YES;
				ENABLE_TESTABILITY = YES;
				GCC_C_LANGUAGE_STANDARD = gnu11;
				GCC_DYNAMIC_NO_PIC = NO;
				GCC_NO_COMMON_BLOCKS = YES;
				GCC_OPTIMIZATION_LEVEL = 0;
				GCC_PREPROCESSOR_DEFINITIONS = (
					"DEBUG=1",
					"$(inherited)",
				);
				GCC_WARN_64_TO_32_BIT_CONVERSION = YES;
				GCC_WARN_ABOUT_RETURN_TYPE = YES_ERROR;
				GCC_WARN_UNDECLARED_SELECTOR = YES;
				GCC_WARN_UNINITIALIZED_AUTOS = YES_AGGRESSIVE;
				GCC_WARN_UNUSED_FUNCTION = YES;
				GCC_WARN_UNUSED_VARIABLE = YES;
				IPHONEOS_DEPLOYMENT_TARGET = 16.2;
				MTL_ENABLE_DEBUG_INFO = INCLUDE_SOURCE;
				MTL_FAST_MATH = YES;
				ONLY_ACTIVE_ARCH = YES;
				SDKROOT = iphoneos;
				SWIFT_ACTIVE_COMPILATION_CONDITIONS = DEBUG;
				SWIFT_OPTIMIZATION_LEVEL = "-Onone";
			};
			name = Debug;
		};
		27340359298D5B3C0043967A /* Release */ = {
			isa = XCBuildConfiguration;
			buildSettings = {
				ALWAYS_SEARCH_USER_PATHS = NO;
				CLANG_ANALYZER_NONNULL = YES;
				CLANG_ANALYZER_NUMBER_OBJECT_CONVERSION = YES_AGGRESSIVE;
				CLANG_CXX_LANGUAGE_STANDARD = "gnu++20";
				CLANG_ENABLE_MODULES = YES;
				CLANG_ENABLE_OBJC_ARC = YES;
				CLANG_ENABLE_OBJC_WEAK = YES;
				CLANG_WARN_BLOCK_CAPTURE_AUTORELEASING = YES;
				CLANG_WARN_BOOL_CONVERSION = YES;
				CLANG_WARN_COMMA = YES;
				CLANG_WARN_CONSTANT_CONVERSION = YES;
				CLANG_WARN_DEPRECATED_OBJC_IMPLEMENTATIONS = YES;
				CLANG_WARN_DIRECT_OBJC_ISA_USAGE = YES_ERROR;
				CLANG_WARN_DOCUMENTATION_COMMENTS = YES;
				CLANG_WARN_EMPTY_BODY = YES;
				CLANG_WARN_ENUM_CONVERSION = YES;
				CLANG_WARN_INFINITE_RECURSION = YES;
				CLANG_WARN_INT_CONVERSION = YES;
				CLANG_WARN_NON_LITERAL_NULL_CONVERSION = YES;
				CLANG_WARN_OBJC_IMPLICIT_RETAIN_SELF = YES;
				CLANG_WARN_OBJC_LITERAL_CONVERSION = YES;
				CLANG_WARN_OBJC_ROOT_CLASS = YES_ERROR;
				CLANG_WARN_QUOTED_INCLUDE_IN_FRAMEWORK_HEADER = YES;
				CLANG_WARN_RANGE_LOOP_ANALYSIS = YES;
				CLANG_WARN_STRICT_PROTOTYPES = YES;
				CLANG_WARN_SUSPICIOUS_MOVE = YES;
				CLANG_WARN_UNGUARDED_AVAILABILITY = YES_AGGRESSIVE;
				CLANG_WARN_UNREACHABLE_CODE = YES;
				CLANG_WARN__DUPLICATE_METHOD_MATCH = YES;
				COPY_PHASE_STRIP = NO;
				DEBUG_INFORMATION_FORMAT = "dwarf-with-dsym";
				ENABLE_NS_ASSERTIONS = NO;
				ENABLE_STRICT_OBJC_MSGSEND = YES;
				GCC_C_LANGUAGE_STANDARD = gnu11;
				GCC_NO_COMMON_BLOCKS = YES;
				GCC_WARN_64_TO_32_BIT_CONVERSION = YES;
				GCC_WARN_ABOUT_RETURN_TYPE = YES_ERROR;
				GCC_WARN_UNDECLARED_SELECTOR = YES;
				GCC_WARN_UNINITIALIZED_AUTOS = YES_AGGRESSIVE;
				GCC_WARN_UNUSED_FUNCTION = YES;
				GCC_WARN_UNUSED_VARIABLE = YES;
				IPHONEOS_DEPLOYMENT_TARGET = 16.2;
				MTL_ENABLE_DEBUG_INFO = NO;
				MTL_FAST_MATH = YES;
				SDKROOT = iphoneos;
				SWIFT_COMPILATION_MODE = wholemodule;
				SWIFT_OPTIMIZATION_LEVEL = "-O";
				VALIDATE_PRODUCT = YES;
			};
			name = Release;
		};
		2734035B298D5B3C0043967A /* Debug */ = {
			isa = XCBuildConfiguration;
			buildSettings = {
				ASSETCATALOG_COMPILER_APPICON_NAME = AppIcon;
				ASSETCATALOG_COMPILER_GLOBAL_ACCENT_COLOR_NAME = AccentColor;
				CODE_SIGN_STYLE = Automatic;
				CURRENT_PROJECT_VERSION = 1;
				DEVELOPMENT_ASSET_PATHS = "\"MockMarket/Preview Content\"";
				DEVELOPMENT_TEAM = 6X6KX8WVK5;
				ENABLE_PREVIEWS = YES;
				GENERATE_INFOPLIST_FILE = YES;
				INFOPLIST_KEY_UIApplicationSceneManifest_Generation = YES;
				INFOPLIST_KEY_UIApplicationSupportsIndirectInputEvents = YES;
				INFOPLIST_KEY_UILaunchScreen_Generation = YES;
				INFOPLIST_KEY_UISupportedInterfaceOrientations_iPad = "UIInterfaceOrientationPortrait UIInterfaceOrientationPortraitUpsideDown UIInterfaceOrientationLandscapeLeft UIInterfaceOrientationLandscapeRight";
				INFOPLIST_KEY_UISupportedInterfaceOrientations_iPhone = "UIInterfaceOrientationPortrait UIInterfaceOrientationLandscapeLeft UIInterfaceOrientationLandscapeRight";
				LD_RUNPATH_SEARCH_PATHS = (
					"$(inherited)",
					"@executable_path/Frameworks",
				);
				MARKETING_VERSION = 1.0;
				PRODUCT_BUNDLE_IDENTIFIER = ahammoud.MockMarket;
				PRODUCT_NAME = "$(TARGET_NAME)";
				SWIFT_EMIT_LOC_STRINGS = YES;
				SWIFT_VERSION = 5.0;
				TARGETED_DEVICE_FAMILY = "1,2";
			};
			name = Debug;
		};
		2734035C298D5B3C0043967A /* Release */ = {
			isa = XCBuildConfiguration;
			buildSettings = {
				ASSETCATALOG_COMPILER_APPICON_NAME = AppIcon;
				ASSETCATALOG_COMPILER_GLOBAL_ACCENT_COLOR_NAME = AccentColor;
				CODE_SIGN_STYLE = Automatic;
				CURRENT_PROJECT_VERSION = 1;
				DEVELOPMENT_ASSET_PATHS = "\"MockMarket/Preview Content\"";
				DEVELOPMENT_TEAM = 6X6KX8WVK5;
				ENABLE_PREVIEWS = YES;
				GENERATE_INFOPLIST_FILE = YES;
				INFOPLIST_KEY_UIApplicationSceneManifest_Generation = YES;
				INFOPLIST_KEY_UIApplicationSupportsIndirectInputEvents = YES;
				INFOPLIST_KEY_UILaunchScreen_Generation = YES;
				INFOPLIST_KEY_UISupportedInterfaceOrientations_iPad = "UIInterfaceOrientationPortrait UIInterfaceOrientationPortraitUpsideDown UIInterfaceOrientationLandscapeLeft UIInterfaceOrientationLandscapeRight";
				INFOPLIST_KEY_UISupportedInterfaceOrientations_iPhone = "UIInterfaceOrientationPortrait UIInterfaceOrientationLandscapeLeft UIInterfaceOrientationLandscapeRight";
				LD_RUNPATH_SEARCH_PATHS = (
					"$(inherited)",
					"@executable_path/Frameworks",
				);
				MARKETING_VERSION = 1.0;
				PRODUCT_BUNDLE_IDENTIFIER = ahammoud.MockMarket;
				PRODUCT_NAME = "$(TARGET_NAME)";
				SWIFT_EMIT_LOC_STRINGS = YES;
				SWIFT_VERSION = 5.0;
				TARGETED_DEVICE_FAMILY = "1,2";
			};
			name = Release;
		};
/* End XCBuildConfiguration section */

/* Begin XCConfigurationList section */
		27340347298D5B3B0043967A /* Build configuration list for PBXProject "MockMarket" */ = {
			isa = XCConfigurationList;
			buildConfigurations = (
				27340358298D5B3C0043967A /* Debug */,
				27340359298D5B3C0043967A /* Release */,
			);
			defaultConfigurationIsVisible = 0;
			defaultConfigurationName = Release;
		};
		2734035A298D5B3C0043967A /* Build configuration list for PBXNativeTarget "MockMarket" */ = {
			isa = XCConfigurationList;
			buildConfigurations = (
				2734035B298D5B3C0043967A /* Debug */,
				2734035C298D5B3C0043967A /* Release */,
			);
			defaultConfigurationIsVisible = 0;
			defaultConfigurationName = Release;
		};
/* End XCConfigurationList section */

/* Begin XCRemoteSwiftPackageReference section */
		70939536299143550064214B /* XCRemoteSwiftPackageReference "XCAStocksAPI" */ = {
			isa = XCRemoteSwiftPackageReference;
			repositoryURL = "https://github.com/alfianlosari/XCAStocksAPI";
			requirement = {
				branch = main;
				kind = branch;
			};
		};
/* End XCRemoteSwiftPackageReference section */

/* Begin XCSwiftPackageProductDependency section */
		70939537299143550064214B /* XCAStocksAPI */ = {
			isa = XCSwiftPackageProductDependency;
			package = 70939536299143550064214B /* XCRemoteSwiftPackageReference "XCAStocksAPI" */;
			productName = XCAStocksAPI;
		};
/* End XCSwiftPackageProductDependency section */
	};
	rootObject = 27340344298D5B3B0043967A /* Project object */;
}
